
Microsoft Visual Studio Solution File, Format Version 12.00
# Visual Studio Version 16
VisualStudioVersion = 16.0.31613.86
MinimumVisualStudioVersion = 10.0.40219.1
Project("{FAE04EC0-301F-11D3-BF4B-00C04F79EFBC}") = "NastedIfDemo", "NastedIfDemo.csproj", "{8679077D-E221-4A28-8312-12BD697B91D5}"
EndProject
Project("{FAE04EC0-301F-11D3-BF4B-00C04F79EFBC}") = "NastedIf", "..\NastedIf\NastedIf.csproj", "{2DD0D034-820E-41B9-8B68-8261CF73D9EC}"
EndProject
Global
	GlobalSection(SolutionConfigurationPlatforms) = preSolution
		Debug|Any CPU = Debug|Any CPU
		Release|Any CPU = Release|Any CPU
	EndGlobalSection
	GlobalSection(ProjectConfigurationPlatforms) = postSolution
		{8679077D-E221-4A28-8312-12BD697B91D5}.Debug|Any CPU.ActiveCfg = Debug|Any CPU
		{8679077D-E221-4A28-8312-12BD697B91D5}.Debug|Any CPU.Build.0 = Debug|Any CPU
		{8679077D-E221-4A28-8312-12BD697B91D5}.Release|Any CPU.ActiveCfg = Release|Any CPU
		{8679077D-E221-4A28-8312-12BD697B91D5}.Release|Any CPU.Build.0 = Release|Any CPU
		{2DD0D034-820E-41B9-8B68-8261CF73D9EC}.Debug|Any CPU.ActiveCfg = Debug|Any CPU
		{2DD0D034-820E-41B9-8B68-8261CF73D9EC}.Debug|Any CPU.Build.0 = Debug|Any CPU
		{2DD0D034-820E-41B9-8B68-8261CF73D9EC}.Release|Any CPU.ActiveCfg = Release|Any CPU
		{2DD0D034-820E-41B9-8B68-8261CF73D9EC}.Release|Any CPU.Build.0 = Release|Any CPU
	EndGlobalSection
	GlobalSection(SolutionProperties) = preSolution
		HideSolutionNode = FALSE
	EndGlobalSection
	GlobalSection(ExtensibilityGlobals) = postSolution
		SolutionGuid = {B1E9DAC5-3623-486C-9C17-8BC5892717FD}
	EndGlobalSection
EndGlobal
